# This file is automatically @generated by Cargo.
# It is not intended for manual editing.
version = 3

[[package]]
name = "hex-literal"
version = "0.4.1"
source = "registry+https://github.com/rust-lang/crates.io-index"
checksum = "6fe2267d4ed49bc07b63801559be28c718ea06c4738b7a03c94df7386d2cde46"

[[package]]
name = "pqc_kyber"
version = "0.6.0"
source = "registry+https://github.com/rust-lang/crates.io-index"
checksum = "84c578a7eab95d8649f115dd6f90894d167766e82a6bcf66ff25f60e7dfc857e"
dependencies = [
 "rand_core",
]

[[package]]
name = "rand_core"
version = "0.6.4"
source = "registry+https://github.com/rust-lang/crates.io-index"
checksum = "ec0be4795e2f6a28069bec0b5ff3e2ac9bafc99e6a9a7dc3547996c5c816922c"

[[package]]
name = "zssp"
version = "0.0.3"
dependencies = [
 "hex-literal",
 "pqc_kyber",
 "rand_core",
]
