# This file is automatically @generated by Cargo.
# It is not intended for manual editing.
version = 3

[[package]]
name = "arrayvec"
version = "0.7.4"
source = "registry+https://github.com/rust-lang/crates.io-index"
checksum = "96d30a06541fbafbc7f82ed10c06164cfbd2c401138f6addd8404629c4b16711"
dependencies = [
 "zeroize",
]

[[package]]
name = "pqc_kyber"
version = "0.6.0"
source = "registry+https://github.com/rust-lang/crates.io-index"
checksum = "84c578a7eab95d8649f115dd6f90894d167766e82a6bcf66ff25f60e7dfc857e"
dependencies = [
 "rand_core",
]

[[package]]
name = "rand_core"
version = "0.6.4"
source = "registry+https://github.com/rust-lang/crates.io-index"
checksum = "ec0be4795e2f6a28069bec0b5ff3e2ac9bafc99e6a9a7dc3547996c5c816922c"

[[package]]
name = "zeroize"
version = "1.6.0"
source = "registry+https://github.com/rust-lang/crates.io-index"
checksum = "2a0956f1ba7c7909bfb66c2e9e4124ab6f6482560f6628b5aaeba39207c9aad9"

[[package]]
name = "zssp"
version = "0.0.3"
dependencies = [
 "arrayvec",
 "pqc_kyber",
 "rand_core",
 "zeroize",
]
